// !$*UTF8*$!
{
	archiveVersion = 1;
	classes = {
	};
	objectVersion = 77;
	objects = {

/* Begin PBXContainerItemProxy section */
		F859A73A2D99756C000B1DE2 /* PBXContainerItemProxy */ = {
			isa = PBXContainerItemProxy;
			containerPortal = F859A7212D997568000B1DE2 /* Project object */;
			proxyType = 1;
			remoteGlobalIDString = F859A7282D997568000B1DE2;
			remoteInfo = EcoTrail;
		};
		F859A7442D99756C000B1DE2 /* PBXContainerItemProxy */ = {
			isa = PBXContainerItemProxy;
			containerPortal = F859A7212D997568000B1DE2 /* Project object */;
			proxyType = 1;
			remoteGlobalIDString = F859A7282D997568000B1DE2;
			remoteInfo = EcoTrail;
		};
/* End PBXContainerItemProxy section */

/* Begin PBXFileReference section */
		F859A7292D997568000B1DE2 /* EcoTrail.app */ = {isa = PBXFileReference; explicitFileType = wrapper.application; includeInIndex = 0; path = EcoTrail.app; sourceTree = BUILT_PRODUCTS_DIR; };
		F859A7392D99756C000B1DE2 /* EcoTrailTests.xctest */ = {isa = PBXFileReference; explicitFileType = wrapper.cfbundle; includeInIndex = 0; path = EcoTrailTests.xctest; sourceTree = BUILT_PRODUCTS_DIR; };
		F859A7432D99756C000B1DE2 /* EcoTrailUITests.xctest */ = {isa = PBXFileReference; explicitFileType = wrapper.cfbundle; includeInIndex = 0; path = EcoTrailUITests.xctest; sourceTree = BUILT_PRODUCTS_DIR; };
/* End PBXFileReference section */

/* Begin PBXFileSystemSynchronizedBuildFileExceptionSet section */
		F80DDB752DD83D9E00684135 /* Exceptions for "EcoTrail" folder in "EcoTrail" target */ = {
			isa = PBXFileSystemSynchronizedBuildFileExceptionSet;
			membershipExceptions = (
				Info.plist,
			);
			target = F859A7282D997568000B1DE2 /* EcoTrail */;
		};
/* End PBXFileSystemSynchronizedBuildFileExceptionSet section */

/* Begin PBXFileSystemSynchronizedRootGroup section */
		F859A72B2D997568000B1DE2 /* EcoTrail */ = {
			isa = PBXFileSystemSynchronizedRootGroup;
			exceptions = (
				F80DDB752DD83D9E00684135 /* Exceptions for "EcoTrail" folder in "EcoTrail" target */,
			);
			path = EcoTrail;
			sourceTree = "<group>";
		};
		F859A73C2D99756C000B1DE2 /* EcoTrailTests */ = {
			isa = PBXFileSystemSynchronizedRootGroup;
			path = EcoTrailTests;
			sourceTree = "<group>";
		};
		F859A7462D99756C000B1DE2 /* EcoTrailUITests */ = {
			isa = PBXFileSystemSynchronizedRootGroup;
			path = EcoTrailUITests;
			sourceTree = "<group>";
		};
/* End PBXFileSystemSynchronizedRootGroup section */

/* Begin PBXFrameworksBuildPhase section */
		F859A7262D997568000B1DE2 /* Frameworks */ = {
			isa = PBXFrameworksBuildPhase;
			buildActionMask = 2147483647;
			files = (
			);
			runOnlyForDeploymentPostprocessing = 0;
		};
		F859A7362D99756C000B1DE2 /* Frameworks */ = {
			isa = PBXFrameworksBuildPhase;
			buildActionMask = 2147483647;
			files = (
			);
			runOnlyForDeploymentPostprocessing = 0;
		};
		F859A7402D99756C000B1DE2 /* Frameworks */ = {
			isa = PBXFrameworksBuildPhase;
			buildActionMask = 2147483647;
			files = (
			);
			runOnlyForDeploymentPostprocessing = 0;
		};
/* End PBXFrameworksBuildPhase section */

/* Begin PBXGroup section */
		F859A7202D997568000B1DE2 = {
			isa = PBXGroup;
			children = (
				F859A72B2D997568000B1DE2 /* EcoTrail */,
				F859A73C2D99756C000B1DE2 /* EcoTrailTests */,
				F859A7462D99756C000B1DE2 /* EcoTrailUITests */,
				F859A72A2D997568000B1DE2 /* Products */,
			);
			sourceTree = "<group>";
		};
		F859A72A2D997568000B1DE2 /* Products */ = {
			isa = PBXGroup;
			children = (
				F859A7292D997568000B1DE2 /* EcoTrail.app */,
				F859A7392D99756C000B1DE2 /* EcoTrailTests.xctest */,
				F859A7432D99756C000B1DE2 /* EcoTrailUITests.xctest */,
			);
			name = Products;
			sourceTree = "<group>";
		};
/* End PBXGroup section */

/* Begin PBXNativeTarget section */
		F859A7282D997568000B1DE2 /* EcoTrail */ = {
			isa = PBXNativeTarget;
			buildConfigurationList = F859A74D2D99756C000B1DE2 /* Build configuration list for PBXNativeTarget "EcoTrail" */;
			buildPhases = (
				F859A7252D997568000B1DE2 /* Sources */,
				F859A7262D997568000B1DE2 /* Frameworks */,
				F859A7272D997568000B1DE2 /* Resources */,
			);
			buildRules = (
			);
			dependencies = (
			);
			fileSystemSynchronizedGroups = (
				F859A72B2D997568000B1DE2 /* EcoTrail */,
			);
			name = EcoTrail;
			packageProductDependencies = (
			);
			productName = EcoTrail;
			productReference = F859A7292D997568000B1DE2 /* EcoTrail.app */;
			productType = "com.apple.product-type.application";
		};
		F859A7382D99756C000B1DE2 /* EcoTrailTests */ = {
			isa = PBXNativeTarget;
			buildConfigurationList = F859A7502D99756C000B1DE2 /* Build configuration list for PBXNativeTarget "EcoTrailTests" */;
			buildPhases = (
				F859A7352D99756C000B1DE2 /* Sources */,
				F859A7362D99756C000B1DE2 /* Frameworks */,
				F859A7372D99756C000B1DE2 /* Resources */,
			);
			buildRules = (
			);
			dependencies = (
				F859A73B2D99756C000B1DE2 /* PBXTargetDependency */,
			);
			fileSystemSynchronizedGroups = (
				F859A73C2D99756C000B1DE2 /* EcoTrailTests */,
			);
			name = EcoTrailTests;
			packageProductDependencies = (
			);
			productName = EcoTrailTests;
			productReference = F859A7392D99756C000B1DE2 /* EcoTrailTests.xctest */;
			productType = "com.apple.product-type.bundle.unit-test";
		};
		F859A7422D99756C000B1DE2 /* EcoTrailUITests */ = {
			isa = PBXNativeTarget;
			buildConfigurationList = F859A7532D99756C000B1DE2 /* Build configuration list for PBXNativeTarget "EcoTrailUITests" */;
			buildPhases = (
				F859A73F2D99756C000B1DE2 /* Sources */,
				F859A7402D99756C000B1DE2 /* Frameworks */,
				F859A7412D99756C000B1DE2 /* Resources */,
			);
			buildRules = (
			);
			dependencies = (
				F859A7452D99756C000B1DE2 /* PBXTargetDependency */,
			);
			fileSystemSynchronizedGroups = (
				F859A7462D99756C000B1DE2 /* EcoTrailUITests */,
			);
			name = EcoTrailUITests;
			packageProductDependencies = (
			);
			productName = EcoTrailUITests;
			productReference = F859A7432D99756C000B1DE2 /* EcoTrailUITests.xctest */;
			productType = "com.apple.product-type.bundle.ui-testing";
		};
/* End PBXNativeTarget section */

/* Begin PBXProject section */
		F859A7212D997568000B1DE2 /* Project object */ = {
			isa = PBXProject;
			attributes = {
				BuildIndependentTargetsInParallel = 1;
				LastSwiftUpdateCheck = 1620;
				LastUpgradeCheck = 1620;
				TargetAttributes = {
					F859A7282D997568000B1DE2 = {
						CreatedOnToolsVersion = 16.2;
					};
					F859A7382D99756C000B1DE2 = {
						CreatedOnToolsVersion = 16.2;
						TestTargetID = F859A7282D997568000B1DE2;
					};
					F859A7422D99756C000B1DE2 = {
						CreatedOnToolsVersion = 16.2;
						TestTargetID = F859A7282D997568000B1DE2;
					};
				};
			};
			buildConfigurationList = F859A7242D997568000B1DE2 /* Build configuration list for PBXProject "EcoTrail" */;
			developmentRegion = en;
			hasScannedForEncodings = 0;
			knownRegions = (
				en,
				Base,
			);
			mainGroup = F859A7202D997568000B1DE2;
			minimizedProjectReferenceProxies = 1;
			preferredProjectObjectVersion = 77;
			productRefGroup = F859A72A2D997568000B1DE2 /* Products */;
			projectDirPath = "";
			projectRoot = "";
			targets = (
				F859A7282D997568000B1DE2 /* EcoTrail */,
				F859A7382D99756C000B1DE2 /* EcoTrailTests */,
				F859A7422D99756C000B1DE2 /* EcoTrailUITests */,
			);
		};
/* End PBXProject section */

/* Begin PBXResourcesBuildPhase section */
		F859A7272D997568000B1DE2 /* Resources */ = {
			isa = PBXResourcesBuildPhase;
			buildActionMask = 2147483647;
			files = (
			);
			runOnlyForDeploymentPostprocessing = 0;
		};
		F859A7372D99756C000B1DE2 /* Resources */ = {
			isa = PBXResourcesBuildPhase;
			buildActionMask = 2147483647;
			files = (
			);
			runOnlyForDeploymentPostprocessing = 0;
		};
		F859A7412D99756C000B1DE2 /* Resources */ = {
			isa = PBXResourcesBuildPhase;
			buildActionMask = 2147483647;
			files = (
			);
			runOnlyForDeploymentPostprocessing = 0;
		};
/* End PBXResourcesBuildPhase section */

/* Begin PBXSourcesBuildPhase section */
		F859A7252D997568000B1DE2 /* Sources */ = {
			isa = PBXSourcesBuildPhase;
			buildActionMask = 2147483647;
			files = (
			);
			runOnlyForDeploymentPostprocessing = 0;
		};
		F859A7352D99756C000B1DE2 /* Sources */ = {
			isa = PBXSourcesBuildPhase;
			buildActionMask = 2147483647;
			files = (
			);
			runOnlyForDeploymentPostprocessing = 0;
		};
		F859A73F2D99756C000B1DE2 /* Sources */ = {
			isa = PBXSourcesBuildPhase;
			buildActionMask = 2147483647;
			files = (
			);
			runOnlyForDeploymentPostprocessing = 0;
		};
/* End PBXSourcesBuildPhase section */

/* Begin PBXTargetDependency section */
		F859A73B2D99756C000B1DE2 /* PBXTargetDependency */ = {
			isa = PBXTargetDependency;
			target = F859A7282D997568000B1DE2 /* EcoTrail */;
			targetProxy = F859A73A2D99756C000B1DE2 /* PBXContainerItemProxy */;
		};
		F859A7452D99756C000B1DE2 /* PBXTargetDependency */ = {
			isa = PBXTargetDependency;
			target = F859A7282D997568000B1DE2 /* EcoTrail */;
			targetProxy = F859A7442D99756C000B1DE2 /* PBXContainerItemProxy */;
		};
/* End PBXTargetDependency section */

/* Begin XCBuildConfiguration section */
		F859A74B2D99756C000B1DE2 /* Debug */ = {
			isa = XCBuildConfiguration;
			buildSettings = {
				ALWAYS_SEARCH_USER_PATHS = NO;
				ASSETCATALOG_COMPILER_GENERATE_SWIFT_ASSET_SYMBOL_EXTENSIONS = YES;
				CLANG_ANALYZER_NONNULL = YES;
				CLANG_ANALYZER_NUMBER_OBJECT_CONVERSION = YES_AGGRESSIVE;
				CLANG_CXX_LANGUAGE_STANDARD = "gnu++20";
				CLANG_ENABLE_MODULES = YES;
				CLANG_ENABLE_OBJC_ARC = YES;
				CLANG_ENABLE_OBJC_WEAK = YES;
				CLANG_WARN_BLOCK_CAPTURE_AUTORELEASING = YES;
				CLANG_WARN_BOOL_CONVERSION = YES;
				CLANG_WARN_COMMA = YES;
				CLANG_WARN_CONSTANT_CONVERSION = YES;
				CLANG_WARN_DEPRECATED_OBJC_IMPLEMENTATIONS = YES;
				CLANG_WARN_DIRECT_OBJC_ISA_USAGE = YES_ERROR;
				CLANG_WARN_DOCUMENTATION_COMMENTS = YES;
				CLANG_WARN_EMPTY_BODY = YES;
				CLANG_WARN_ENUM_CONVERSION = YES;
				CLANG_WARN_INFINITE_RECURSION = YES;
				CLANG_WARN_INT_CONVERSION = YES;
				CLANG_WARN_NON_LITERAL_NULL_CONVERSION = YES;
				CLANG_WARN_OBJC_IMPLICIT_RETAIN_SELF = YES;
				CLANG_WARN_OBJC_LITERAL_CONVERSION = YES;
				CLANG_WARN_OBJC_ROOT_CLASS = YES_ERROR;
				CLANG_WARN_QUOTED_INCLUDE_IN_FRAMEWORK_HEADER = YES;
				CLANG_WARN_RANGE_LOOP_ANALYSIS = YES;
				CLANG_WARN_STRICT_PROTOTYPES = YES;
				CLANG_WARN_SUSPICIOUS_MOVE = YES;
				CLANG_WARN_UNGUARDED_AVAILABILITY = YES_AGGRESSIVE;
				CLANG_WARN_UNREACHABLE_CODE = YES;
				CLANG_WARN__DUPLICATE_METHOD_MATCH = YES;
				COPY_PHASE_STRIP = NO;
				DEBUG_INFORMATION_FORMAT = dwarf;
				ENABLE_STRICT_OBJC_MSGSEND = YES;
				ENABLE_TESTABILITY = YES;
				ENABLE_USER_SCRIPT_SANDBOXING = YES;
				GCC_C_LANGUAGE_STANDARD = gnu17;
				GCC_DYNAMIC_NO_PIC = NO;
				GCC_NO_COMMON_BLOCKS = YES;
				GCC_OPTIMIZATION_LEVEL = 0;
				GCC_PREPROCESSOR_DEFINITIONS = (
					"DEBUG=1",
					"$(inherited)",
				);
				GCC_WARN_64_TO_32_BIT_CONVERSION = YES;
				GCC_WARN_ABOUT_RETURN_TYPE = YES_ERROR;
				GCC_WARN_UNDECLARED_SELECTOR = YES;
				GCC_WARN_UNINITIALIZED_AUTOS = YES_AGGRESSIVE;
				GCC_WARN_UNUSED_FUNCTION = YES;
				GCC_WARN_UNUSED_VARIABLE = YES;
				IPHONEOS_DEPLOYMENT_TARGET = 18.2;
				LOCALIZATION_PREFERS_STRING_CATALOGS = YES;
				MTL_ENABLE_DEBUG_INFO = INCLUDE_SOURCE;
				MTL_FAST_MATH = YES;
				ONLY_ACTIVE_ARCH = YES;
				SDKROOT = iphoneos;
				SWIFT_ACTIVE_COMPILATION_CONDITIONS = "DEBUG $(inherited)";
				SWIFT_OPTIMIZATION_LEVEL = "-Onone";
			};
			name = Debug;
		};
		F859A74C2D99756C000B1DE2 /* Release */ = {
			isa = XCBuildConfiguration;
			buildSettings = {
				ALWAYS_SEARCH_USER_PATHS = NO;
				ASSETCATALOG_COMPILER_GENERATE_SWIFT_ASSET_SYMBOL_EXTENSIONS = YES;
				CLANG_ANALYZER_NONNULL = YES;
				CLANG_ANALYZER_NUMBER_OBJECT_CONVERSION = YES_AGGRESSIVE;
				CLANG_CXX_LANGUAGE_STANDARD = "gnu++20";
				CLANG_ENABLE_MODULES = YES;
				CLANG_ENABLE_OBJC_ARC = YES;
				CLANG_ENABLE_OBJC_WEAK = YES;
				CLANG_WARN_BLOCK_CAPTURE_AUTORELEASING = YES;
				CLANG_WARN_BOOL_CONVERSION = YES;
				CLANG_WARN_COMMA = YES;
				CLANG_WARN_CONSTANT_CONVERSION = YES;
				CLANG_WARN_DEPRECATED_OBJC_IMPLEMENTATIONS = YES;
				CLANG_WARN_DIRECT_OBJC_ISA_USAGE = YES_ERROR;
				CLANG_WARN_DOCUMENTATION_COMMENTS = YES;
				CLANG_WARN_EMPTY_BODY = YES;
				CLANG_WARN_ENUM_CONVERSION = YES;
				CLANG_WARN_INFINITE_RECURSION = YES;
				CLANG_WARN_INT_CONVERSION = YES;
				CLANG_WARN_NON_LITERAL_NULL_CONVERSION = YES;
				CLANG_WARN_OBJC_IMPLICIT_RETAIN_SELF = YES;
				CLANG_WARN_OBJC_LITERAL_CONVERSION = YES;
				CLANG_WARN_OBJC_ROOT_CLASS = YES_ERROR;
				CLANG_WARN_QUOTED_INCLUDE_IN_FRAMEWORK_HEADER = YES;
				CLANG_WARN_RANGE_LOOP_ANALYSIS = YES;
				CLANG_WARN_STRICT_PROTOTYPES = YES;
				CLANG_WARN_SUSPICIOUS_MOVE = YES;
				CLANG_WARN_UNGUARDED_AVAILABILITY = YES_AGGRESSIVE;
				CLANG_WARN_UNREACHABLE_CODE = YES;
				CLANG_WARN__DUPLICATE_METHOD_MATCH = YES;
				COPY_PHASE_STRIP = NO;
				DEBUG_INFORMATION_FORMAT = "dwarf-with-dsym";
				ENABLE_NS_ASSERTIONS = NO;
				ENABLE_STRICT_OBJC_MSGSEND = YES;
				ENABLE_USER_SCRIPT_SANDBOXING = YES;
				GCC_C_LANGUAGE_STANDARD = gnu17;
				GCC_NO_COMMON_BLOCKS = YES;
				GCC_WARN_64_TO_32_BIT_CONVERSION = YES;
				GCC_WARN_ABOUT_RETURN_TYPE = YES_ERROR;
				GCC_WARN_UNDECLARED_SELECTOR = YES;
				GCC_WARN_UNINITIALIZED_AUTOS = YES_AGGRESSIVE;
				GCC_WARN_UNUSED_FUNCTION = YES;
				GCC_WARN_UNUSED_VARIABLE = YES;
				IPHONEOS_DEPLOYMENT_TARGET = 18.2;
				LOCALIZATION_PREFERS_STRING_CATALOGS = YES;
				MTL_ENABLE_DEBUG_INFO = NO;
				MTL_FAST_MATH = YES;
				SDKROOT = iphoneos;
				SWIFT_COMPILATION_MODE = wholemodule;
				VALIDATE_PRODUCT = YES;
			};
			name = Release;
		};
		F859A74E2D99756C000B1DE2 /* Debug */ = {
			isa = XCBuildConfiguration;
			buildSettings = {
				ASSETCATALOG_COMPILER_APPICON_NAME = AppIcon;
				ASSETCATALOG_COMPILER_GLOBAL_ACCENT_COLOR_NAME = AccentColor;
				CODE_SIGN_STYLE = Automatic;
				CURRENT_PROJECT_VERSION = 1;
				DEVELOPMENT_ASSET_PATHS = "\"EcoTrail/Preview Content\"";
				DEVELOPMENT_TEAM = MSXTD36KGY;
				ENABLE_PREVIEWS = YES;
				GENERATE_INFOPLIST_FILE = YES;
				INFOPLIST_FILE = EcoTrail/Info.plist;
				INFOPLIST_KEY_NSCameraUsageDescription = "We need camera";
				INFOPLIST_KEY_UIApplicationSceneManifest_Generation = YES;
				INFOPLIST_KEY_UIApplicationSupportsIndirectInputEvents = YES;
				INFOPLIST_KEY_UILaunchScreen_Generation = YES;
				INFOPLIST_KEY_UISupportedInterfaceOrientations_iPad = "UIInterfaceOrientationPortrait UIInterfaceOrientationPortraitUpsideDown UIInterfaceOrientationLandscapeLeft UIInterfaceOrientationLandscapeRight";
				INFOPLIST_KEY_UISupportedInterfaceOrientations_iPhone = "UIInterfaceOrientationPortrait UIInterfaceOrientationLandscapeLeft UIInterfaceOrientationLandscapeRight";
				LD_RUNPATH_SEARCH_PATHS = (
					"$(inherited)",
					"@executable_path/Frameworks",
				);
				MARKETING_VERSION = 1.0;
				PRODUCT_BUNDLE_IDENTIFIER = com.xiningwang.EcoTrail;
				PRODUCT_NAME = "$(TARGET_NAME)";
				SWIFT_EMIT_LOC_STRINGS = YES;
				SWIFT_VERSION = 5.0;
				TARGETED_DEVICE_FAMILY = "1,2";
			};
			name = Debug;
		};
		F859A74F2D99756C000B1DE2 /* Release */ = {
			isa = XCBuildConfiguration;
			buildSettings = {
				ASSETCATALOG_COMPILER_APPICON_NAME = AppIcon;
				ASSETCATALOG_COMPILER_GLOBAL_ACCENT_COLOR_NAME = AccentColor;
				CODE_SIGN_STYLE = Automatic;
				CURRENT_PROJECT_VERSION = 1;
				DEVELOPMENT_ASSET_PATHS = "\"EcoTrail/Preview Content\"";
				DEVELOPMENT_TEAM = MSXTD36KGY;
				ENABLE_PREVIEWS = YES;
				GENERATE_INFOPLIST_FILE = YES;
				INFOPLIST_FILE = EcoTrail/Info.plist;
				INFOPLIST_KEY_NSCameraUsageDescription = "We need camera";
				INFOPLIST_KEY_UIApplicationSceneManifest_Generation = YES;
				INFOPLIST_KEY_UIApplicationSupportsIndirectInputEvents = YES;
				INFOPLIST_KEY_UILaunchScreen_Generation = YES;
				INFOPLIST_KEY_UISupportedInterfaceOrientations_iPad = "UIInterfaceOrientationPortrait UIInterfaceOrientationPortraitUpsideDown UIInterfaceOrientationLandscapeLeft UIInterfaceOrientationLandscapeRight";
				INFOPLIST_KEY_UISupportedInterfaceOrientations_iPhone = "UIInterfaceOrientationPortrait UIInterfaceOrientationLandscapeLeft UIInterfaceOrientationLandscapeRight";
				LD_RUNPATH_SEARCH_PATHS = (
					"$(inherited)",
					"@executable_path/Frameworks",
				);
				MARKETING_VERSION = 1.0;
				PRODUCT_BUNDLE_IDENTIFIER = com.xiningwang.EcoTrail;
				PRODUCT_NAME = "$(TARGET_NAME)";
				SWIFT_EMIT_LOC_STRINGS = YES;
				SWIFT_VERSION = 5.0;
				TARGETED_DEVICE_FAMILY = "1,2";
			};
			name = Release;
		};
		F859A7512D99756C000B1DE2 /* Debug */ = {
			isa = XCBuildConfiguration;
			buildSettings = {
				BUNDLE_LOADER = "$(TEST_HOST)";
				CODE_SIGN_STYLE = Automatic;
				CURRENT_PROJECT_VERSION = 1;
				DEVELOPMENT_TEAM = MSXTD36KGY;
				GENERATE_INFOPLIST_FILE = YES;
				IPHONEOS_DEPLOYMENT_TARGET = 18.2;
				MARKETING_VERSION = 1.0;
				PRODUCT_BUNDLE_IDENTIFIER = com.xiningwang.EcoTrailTests;
				PRODUCT_NAME = "$(TARGET_NAME)";
				SWIFT_EMIT_LOC_STRINGS = NO;
				SWIFT_VERSION = 5.0;
				TARGETED_DEVICE_FAMILY = "1,2";
				TEST_HOST = "$(BUILT_PRODUCTS_DIR)/EcoTrail.app/$(BUNDLE_EXECUTABLE_FOLDER_PATH)/EcoTrail";
			};
			name = Debug;
		};
		F859A7522D99756C000B1DE2 /* Release */ = {
			isa = XCBuildConfiguration;
			buildSettings = {
				BUNDLE_LOADER = "$(TEST_HOST)";
				CODE_SIGN_STYLE = Automatic;
				CURRENT_PROJECT_VERSION = 1;
				DEVELOPMENT_TEAM = MSXTD36KGY;
				GENERATE_INFOPLIST_FILE = YES;
				IPHONEOS_DEPLOYMENT_TARGET = 18.2;
				MARKETING_VERSION = 1.0;
				PRODUCT_BUNDLE_IDENTIFIER = com.xiningwang.EcoTrailTests;
				PRODUCT_NAME = "$(TARGET_NAME)";
				SWIFT_EMIT_LOC_STRINGS = NO;
				SWIFT_VERSION = 5.0;
				TARGETED_DEVICE_FAMILY = "1,2";
				TEST_HOST = "$(BUILT_PRODUCTS_DIR)/EcoTrail.app/$(BUNDLE_EXECUTABLE_FOLDER_PATH)/EcoTrail";
			};
			name = Release;
		};
		F859A7542D99756C000B1DE2 /* Debug */ = {
			isa = XCBuildConfiguration;
			buildSettings = {
				CODE_SIGN_STYLE = Automatic;
				CURRENT_PROJECT_VERSION = 1;
				DEVELOPMENT_TEAM = MSXTD36KGY;
				GENERATE_INFOPLIST_FILE = YES;
				MARKETING_VERSION = 1.0;
				PRODUCT_BUNDLE_IDENTIFIER = com.xiningwang.EcoTrailUITests;
				PRODUCT_NAME = "$(TARGET_NAME)";
				SWIFT_EMIT_LOC_STRINGS = NO;
				SWIFT_VERSION = 5.0;
				TARGETED_DEVICE_FAMILY = "1,2";
				TEST_TARGET_NAME = EcoTrail;
			};
			name = Debug;
		};
		F859A7552D99756C000B1DE2 /* Release */ = {
			isa = XCBuildConfiguration;
			buildSettings = {
				CODE_SIGN_STYLE = Automatic;
				CURRENT_PROJECT_VERSION = 1;
				DEVELOPMENT_TEAM = MSXTD36KGY;
				GENERATE_INFOPLIST_FILE = YES;
				MARKETING_VERSION = 1.0;
				PRODUCT_BUNDLE_IDENTIFIER = com.xiningwang.EcoTrailUITests;
				PRODUCT_NAME = "$(TARGET_NAME)";
				SWIFT_EMIT_LOC_STRINGS = NO;
				SWIFT_VERSION = 5.0;
				TARGETED_DEVICE_FAMILY = "1,2";
				TEST_TARGET_NAME = EcoTrail;
			};
			name = Release;
		};
/* End XCBuildConfiguration section */

/* Begin XCConfigurationList section */
		F859A7242D997568000B1DE2 /* Build configuration list for PBXProject "EcoTrail" */ = {
			isa = XCConfigurationList;
			buildConfigurations = (
				F859A74B2D99756C000B1DE2 /* Debug */,
				F859A74C2D99756C000B1DE2 /* Release */,
			);
			defaultConfigurationIsVisible = 0;
			defaultConfigurationName = Release;
		};
		F859A74D2D99756C000B1DE2 /* Build configuration list for PBXNativeTarget "EcoTrail" */ = {
			isa = XCConfigurationList;
			buildConfigurations = (
				F859A74E2D99756C000B1DE2 /* Debug */,
				F859A74F2D99756C000B1DE2 /* Release */,
			);
			defaultConfigurationIsVisible = 0;
			defaultConfigurationName = Release;
		};
		F859A7502D99756C000B1DE2 /* Build configuration list for PBXNativeTarget "EcoTrailTests" */ = {
			isa = XCConfigurationList;
			buildConfigurations = (
				F859A7512D99756C000B1DE2 /* Debug */,
				F859A7522D99756C000B1DE2 /* Release */,
			);
			defaultConfigurationIsVisible = 0;
			defaultConfigurationName = Release;
		};
		F859A7532D99756C000B1DE2 /* Build configuration list for PBXNativeTarget "EcoTrailUITests" */ = {
			isa = XCConfigurationList;
			buildConfigurations = (
				F859A7542D99756C000B1DE2 /* Debug */,
				F859A7552D99756C000B1DE2 /* Release */,
			);
			defaultConfigurationIsVisible = 0;
			defaultConfigurationName = Release;
		};
/* End XCConfigurationList section */
	};
	rootObject = F859A7212D997568000B1DE2 /* Project object */;
}
